
Microsoft Visual Studio Solution File, Format Version 12.00
# Visual Studio Version 16
VisualStudioVersion = 16.0.29326.143
MinimumVisualStudioVersion = 10.0.40219.1
Project("{FAE04EC0-301F-11D3-BF4B-00C04F79EFBC}") = "MapPointApi", "MapPointApi.csproj", "{F139EB77-BEF2-4B57-BCB2-0B7ABA832EEE}"
EndProject
Global
	GlobalSection(SolutionConfigurationPlatforms) = preSolution
		Debug|Any CPU = Debug|Any CPU
		Release|Any CPU = Release|Any CPU
	EndGlobalSection
	GlobalSection(ProjectConfigurationPlatforms) = postSolution
		{F139EB77-BEF2-4B57-BCB2-0B7ABA832EEE}.Debug|Any CPU.ActiveCfg = Debug|Any CPU
		{F139EB77-BEF2-4B57-BCB2-0B7ABA832EEE}.Debug|Any CPU.Build.0 = Debug|Any CPU
		{F139EB77-BEF2-4B57-BCB2-0B7ABA832EEE}.Release|Any CPU.ActiveCfg = Release|Any CPU
		{F139EB77-BEF2-4B57-BCB2-0B7ABA832EEE}.Release|Any CPU.Build.0 = Release|Any CPU
	EndGlobalSection
	GlobalSection(SolutionProperties) = preSolution
		HideSolutionNode = FALSE
	EndGlobalSection
	GlobalSection(ExtensibilityGlobals) = postSolution
		SolutionGuid = {C0313B37-8806-4160-BAD8-6426ED358C3E}
	EndGlobalSection
EndGlobal
